
Microsoft Visual Studio Solution File, Format Version 12.00
# Visual Studio Version 16
VisualStudioVersion = 16.0.30011.22
MinimumVisualStudioVersion = 10.0.40219.1
Project("{9A19103F-16F7-4668-BE54-9A1E7A4F7556}") = "SimpleTrader.Domain", "SimpleTrader.Domain\SimpleTrader.Domain.csproj", "{FDB54658-0CDB-4849-8FF5-82D9459FF3CB}"
EndProject
Project("{9A19103F-16F7-4668-BE54-9A1E7A4F7556}") = "SimpleTrader.EntityFramework", "SimpleTrader.EntityFramework\SimpleTrader.EntityFramework.csproj", "{D3E9710F-5018-4EAA-BE2F-F9356705527A}"
EndProject
Project("{9A19103F-16F7-4668-BE54-9A1E7A4F7556}") = "SimpleTrader.Wpf", "SimpleTrader.Wpf\SimpleTrader.Wpf.csproj", "{15DCC9CA-063A-468F-B340-C2A27BDB001E}"
EndProject
Project("{FAE04EC0-301F-11D3-BF4B-00C04F79EFBC}") = "SimpleTrader.FinancialModellingPrepApi", "SimpleTrader.FinancialModellingPerpApi\SimpleTrader.FinancialModellingPrepApi.csproj", "{8297A0B8-3EEA-46E7-8879-9C5112ED9711}"
EndProject
Global
	GlobalSection(SolutionConfigurationPlatforms) = preSolution
		Debug|Any CPU = Debug|Any CPU
		Release|Any CPU = Release|Any CPU
	EndGlobalSection
	GlobalSection(ProjectConfigurationPlatforms) = postSolution
		{FDB54658-0CDB-4849-8FF5-82D9459FF3CB}.Debug|Any CPU.ActiveCfg = Debug|Any CPU
		{FDB54658-0CDB-4849-8FF5-82D9459FF3CB}.Debug|Any CPU.Build.0 = Debug|Any CPU
		{FDB54658-0CDB-4849-8FF5-82D9459FF3CB}.Release|Any CPU.ActiveCfg = Release|Any CPU
		{FDB54658-0CDB-4849-8FF5-82D9459FF3CB}.Release|Any CPU.Build.0 = Release|Any CPU
		{D3E9710F-5018-4EAA-BE2F-F9356705527A}.Debug|Any CPU.ActiveCfg = Debug|Any CPU
		{D3E9710F-5018-4EAA-BE2F-F9356705527A}.Debug|Any CPU.Build.0 = Debug|Any CPU
		{D3E9710F-5018-4EAA-BE2F-F9356705527A}.Release|Any CPU.ActiveCfg = Release|Any CPU
		{D3E9710F-5018-4EAA-BE2F-F9356705527A}.Release|Any CPU.Build.0 = Release|Any CPU
		{15DCC9CA-063A-468F-B340-C2A27BDB001E}.Debug|Any CPU.ActiveCfg = Debug|Any CPU
		{15DCC9CA-063A-468F-B340-C2A27BDB001E}.Debug|Any CPU.Build.0 = Debug|Any CPU
		{15DCC9CA-063A-468F-B340-C2A27BDB001E}.Release|Any CPU.ActiveCfg = Release|Any CPU
		{15DCC9CA-063A-468F-B340-C2A27BDB001E}.Release|Any CPU.Build.0 = Release|Any CPU
		{8297A0B8-3EEA-46E7-8879-9C5112ED9711}.Debug|Any CPU.ActiveCfg = Debug|Any CPU
		{8297A0B8-3EEA-46E7-8879-9C5112ED9711}.Debug|Any CPU.Build.0 = Debug|Any CPU
		{8297A0B8-3EEA-46E7-8879-9C5112ED9711}.Release|Any CPU.ActiveCfg = Release|Any CPU
		{8297A0B8-3EEA-46E7-8879-9C5112ED9711}.Release|Any CPU.Build.0 = Release|Any CPU
	EndGlobalSection
	GlobalSection(SolutionProperties) = preSolution
		HideSolutionNode = FALSE
	EndGlobalSection
	GlobalSection(ExtensibilityGlobals) = postSolution
		SolutionGuid = {22DCAD88-A1F8-4245-BC41-D331A572F2D0}
	EndGlobalSection
EndGlobal
